{
  "name": "lessons",
  "lockfileVersion": 3,
  "requires": true,
  "packages": {
    "": {
      "devDependencies": {
        "@awmottaz/prettier-plugin-void-html": "^1.5.0"
      }
    },
    "node_modules/@awmottaz/prettier-plugin-void-html": {
      "version": "1.5.0",
      "resolved": "https://registry.npmjs.org/@awmottaz/prettier-plugin-void-html/-/prettier-plugin-void-html-1.5.0.tgz",
      "integrity": "sha512-RQlvzIo9dk6gXbCLZPApXYLhsPwwfuX8nk5a2Vx1bN7oU/1ARYqulkwHv6JXfcZbVhxhfLvE+Fu5bHQBO3jqwQ==",
      "dev": true,
      "engines": {
        "node": ">=18.0.0"
      },
      "peerDependencies": {
        "prettier": ">=3.0.0 <3.3.0"
      }
    },
    "node_modules/prettier": {
      "version": "3.2.5",
      "resolved": "https://registry.npmjs.org/prettier/-/prettier-3.2.5.tgz",
      "integrity": "sha512-3/GWa9aOC0YeD7LUfvOG2NiDyhOWRvt1k+rcKhOuYnMY24iiCphgneUfJDyFXd6rZCAnuLBv6UeAULtrhT/F4A==",
      "dev": true,
      "peer": true,
      "bin": {
        "prettier": "bin/prettier.cjs"
      },
      "engines": {
        "node": ">=14"
      },
      "funding": {
        "url": "https://github.com/prettier/prettier?sponsor=1"
      }
    }
  }
}
